{
    "name": "swordfish",
    "version": "5.23.0",
    "lockfileVersion": 3,
    "requires": true,
    "packages": {
        "": {
            "name": "swordfish",
            "version": "5.23.0",
            "license": "EPL-1.0",
            "dependencies": {
                "mtengines": "^4.13.0",
                "sdltm": "^2.5.0",
                "typesbcp47": "^1.24.0",
                "typesxml": "^2.2.0"
            },
            "devDependencies": {
                "electron": "^42.3.3",
                "typescript": "^6.0.3"
            }
        },
        "node_modules/@anthropic-ai/sdk": {
            "version": "0.97.1",
            "resolved": "https://registry.npmjs.org/@anthropic-ai/sdk/-/sdk-0.97.1.tgz",
            "integrity": "sha512-wOf7AUeJPitcVpvKO4UMu63mWH5SaVipkGd7OOQJt/G6VYGlV8D2Gp9dLxOrttDJh/9gqPqdaBwDGcBevumeAg==",
            "license": "MIT",
            "dependencies": {
                "json-schema-to-ts": "^3.1.1",
                "standardwebhooks": "^1.0.0"
            },
            "bin": {
                "anthropic-ai-sdk": "bin/cli"
            },
            "peerDependencies": {
                "zod": "^3.25.0 || ^4.0.0"
            },
            "peerDependenciesMeta": {
                "zod": {
                    "optional": true
                }
            }
        },
        "node_modules/@babel/runtime": {
            "version": "7.29.7",
            "resolved": "https://registry.npmjs.org/@babel/runtime/-/runtime-7.29.7.tgz",
            "integrity": "sha512-Nq8OhGWiZIZGV6hLHoyAKLLcJihP/xFeBMGJoUrxTX2psI8dCifzLhZISFb+VWS3wFMRDmCGw5R+dOySCqPLhw==",
            "license": "MIT",
            "engines": {
                "node": ">=6.9.0"
            }
        },
        "node_modules/@electron/get": {
            "version": "5.0.0",
            "resolved": "https://registry.npmjs.org/@electron/get/-/get-5.0.0.tgz",
            "integrity": "sha512-pjoBpru1KdEtcExBnuHAP1cAc/5faoedw0hzJkL3o4/IJp7HNF1+fbrdxT3gMYRX2oJfvnA/WXeCTVQpYYxyJA==",
            "dev": true,
            "license": "MIT",
            "dependencies": {
                "debug": "^4.1.1",
                "env-paths": "^3.0.0",
                "graceful-fs": "^4.2.11",
                "progress": "^2.0.3",
                "semver": "^7.6.3",
                "sumchecker": "^3.0.1"
            },
            "engines": {
                "node": ">=22.12.0"
            },
            "optionalDependencies": {
                "undici": "^7.24.4"
            }
        },
        "node_modules/@stablelib/base64": {
            "version": "1.0.1",
            "resolved": "https://registry.npmjs.org/@stablelib/base64/-/base64-1.0.1.tgz",
            "integrity": "sha512-1bnPQqSxSuc3Ii6MhBysoWCg58j97aUjuCSZrGSmDxNqtytIi0k8utUenAwTZN4V5mXXYGsVUI9zeBqy+jBOSQ==",
            "license": "MIT"
        },
        "node_modules/@types/node": {
            "version": "24.13.1",
            "resolved": "https://registry.npmjs.org/@types/node/-/node-24.13.1.tgz",
            "integrity": "sha512-RSpUJGmvsJ1ZeBehQZFhIdpsz+bIpES0nIQXko4Ybq+N+kX6XvOq3Jo+iJ82FWLdblFq85AsMikd3m35jgezYg==",
            "dev": true,
            "license": "MIT",
            "dependencies": {
                "undici-types": "~7.18.0"
            }
        },
        "node_modules/@types/yauzl": {
            "version": "2.10.3",
            "resolved": "https://registry.npmjs.org/@types/yauzl/-/yauzl-2.10.3.tgz",
            "integrity": "sha512-oJoftv0LSuaDZE3Le4DbKX+KS9G36NzOeSap90UIK0yMA/NhKJhqlSGtNDORNRaIbQfzjXDrQa0ytJ6mNRGz/Q==",
            "dev": true,
            "license": "MIT",
            "optional": true,
            "dependencies": {
                "@types/node": "*"
            }
        },
        "node_modules/buffer-crc32": {
            "version": "0.2.13",
            "resolved": "https://registry.npmjs.org/buffer-crc32/-/buffer-crc32-0.2.13.tgz",
            "integrity": "sha512-VO9Ht/+p3SN7SKWqcrgEzjGbRSJYTx+Q1pTQC0wrWqHx0vpJraQ6GtHx8tvcg1rlK1byhU5gccxgOgj7B0TDkQ==",
            "dev": true,
            "license": "MIT",
            "engines": {
                "node": "*"
            }
        },
        "node_modules/debug": {
            "version": "4.4.3",
            "resolved": "https://registry.npmjs.org/debug/-/debug-4.4.3.tgz",
            "integrity": "sha512-RGwwWnwQvkVfavKVt22FGLw+xYSdzARwm0ru6DhTVA3umU5hZc28V3kO4stgYryrTlLpuvgI9GiijltAjNbcqA==",
            "dev": true,
            "license": "MIT",
            "dependencies": {
                "ms": "^2.1.3"
            },
            "engines": {
                "node": ">=6.0"
            },
            "peerDependenciesMeta": {
                "supports-color": {
                    "optional": true
                }
            }
        },
        "node_modules/electron": {
            "version": "42.3.3",
            "resolved": "https://registry.npmjs.org/electron/-/electron-42.3.3.tgz",
            "integrity": "sha512-0MwYp9wTb7TrtTalOYqeW+suqd9T/Znstr/nDLKqFGIjHdBZX339guo3mQqTPURRZ/UQmYM4uMpzKpI5wLptfQ==",
            "dev": true,
            "license": "MIT",
            "dependencies": {
                "@electron/get": "^5.0.0",
                "@types/node": "^24.9.0",
                "extract-zip": "^2.0.1"
            },
            "bin": {
                "electron": "cli.js",
                "install-electron": "install.js"
            },
            "engines": {
                "node": ">= 22.12.0"
            }
        },
        "node_modules/end-of-stream": {
            "version": "1.4.5",
            "resolved": "https://registry.npmjs.org/end-of-stream/-/end-of-stream-1.4.5.tgz",
            "integrity": "sha512-ooEGc6HP26xXq/N+GCGOT0JKCLDGrq2bQUZrQ7gyrJiZANJ/8YDTxTpQBXGMn+WbIQXNVpyWymm7KYVICQnyOg==",
            "dev": true,
            "license": "MIT",
            "dependencies": {
                "once": "^1.4.0"
            }
        },
        "node_modules/env-paths": {
            "version": "3.0.0",
            "resolved": "https://registry.npmjs.org/env-paths/-/env-paths-3.0.0.tgz",
            "integrity": "sha512-dtJUTepzMW3Lm/NPxRf3wP4642UWhjL2sQxc+ym2YMj1m/H2zDNQOlezafzkHwn6sMstjHTwG6iQQsctDW/b1A==",
            "dev": true,
            "license": "MIT",
            "engines": {
                "node": "^12.20.0 || ^14.13.1 || >=16.0.0"
            },
            "funding": {
                "url": "https://github.com/sponsors/sindresorhus"
            }
        },
        "node_modules/extract-zip": {
            "version": "2.0.1",
            "resolved": "https://registry.npmjs.org/extract-zip/-/extract-zip-2.0.1.tgz",
            "integrity": "sha512-GDhU9ntwuKyGXdZBUgTIe+vXnWj0fppUEtMDL0+idd5Sta8TGpHssn/eusA9mrPr9qNDym6SxAYZjNvCn/9RBg==",
            "dev": true,
            "license": "BSD-2-Clause",
            "dependencies": {
                "debug": "^4.1.1",
                "get-stream": "^5.1.0",
                "yauzl": "^2.10.0"
            },
            "bin": {
                "extract-zip": "cli.js"
            },
            "engines": {
                "node": ">= 10.17.0"
            },
            "optionalDependencies": {
                "@types/yauzl": "^2.9.1"
            }
        },
        "node_modules/fast-sha256": {
            "version": "1.3.0",
            "resolved": "https://registry.npmjs.org/fast-sha256/-/fast-sha256-1.3.0.tgz",
            "integrity": "sha512-n11RGP/lrWEFI/bWdygLxhI+pVeo1ZYIVwvvPkW7azl/rOy+F3HYRZ2K5zeE9mmkhQppyv9sQFx0JM9UabnpPQ==",
            "license": "Unlicense"
        },
        "node_modules/fd-slicer": {
            "version": "1.1.0",
            "resolved": "https://registry.npmjs.org/fd-slicer/-/fd-slicer-1.1.0.tgz",
            "integrity": "sha512-cE1qsB/VwyQozZ+q1dGxR8LBYNZeofhEdUNGSMbQD3Gw2lAzX9Zb3uIU6Ebc/Fmyjo9AWWfnn0AUCHqtevs/8g==",
            "dev": true,
            "license": "MIT",
            "dependencies": {
                "pend": "~1.2.0"
            }
        },
        "node_modules/get-stream": {
            "version": "5.2.0",
            "resolved": "https://registry.npmjs.org/get-stream/-/get-stream-5.2.0.tgz",
            "integrity": "sha512-nBF+F1rAZVCu/p7rjzgA+Yb4lfYXrpl7a6VmJrU8wF9I1CKvP/QwPNZHnOlwbTkY6dvtFIzFMSyQXbLoTQPRpA==",
            "dev": true,
            "license": "MIT",
            "dependencies": {
                "pump": "^3.0.0"
            },
            "engines": {
                "node": ">=8"
            },
            "funding": {
                "url": "https://github.com/sponsors/sindresorhus"
            }
        },
        "node_modules/graceful-fs": {
            "version": "4.2.11",
            "resolved": "https://registry.npmjs.org/graceful-fs/-/graceful-fs-4.2.11.tgz",
            "integrity": "sha512-RbJ5/jmFcNNCcDV5o9eTnBLJ/HszWV0P73bc+Ff4nS/rJj+YaS6IGyiOL0VoBYX+l1Wrl3k63h/KrH+nhJ0XvQ==",
            "dev": true,
            "license": "ISC"
        },
        "node_modules/json-schema-to-ts": {
            "version": "3.1.1",
            "resolved": "https://registry.npmjs.org/json-schema-to-ts/-/json-schema-to-ts-3.1.1.tgz",
            "integrity": "sha512-+DWg8jCJG2TEnpy7kOm/7/AxaYoaRbjVB4LFZLySZlWn8exGs3A4OLJR966cVvU26N7X9TWxl+Jsw7dzAqKT6g==",
            "license": "MIT",
            "dependencies": {
                "@babel/runtime": "^7.18.3",
                "ts-algebra": "^2.0.0"
            },
            "engines": {
                "node": ">=16"
            }
        },
        "node_modules/ms": {
            "version": "2.1.3",
            "resolved": "https://registry.npmjs.org/ms/-/ms-2.1.3.tgz",
            "integrity": "sha512-6FlzubTLZG3J2a/NVCAleEhjzq5oxgHyaCU9yYXvcLsvoVaHJq/s5xXI6/XXP6tz7R9xAOtHnSO/tXtF3WRTlA==",
            "dev": true,
            "license": "MIT"
        },
        "node_modules/mtengines": {
            "version": "4.13.0",
            "resolved": "https://registry.npmjs.org/mtengines/-/mtengines-4.13.0.tgz",
            "integrity": "sha512-ft2FLH6/0xTiCVPUgd65+WRuxGysE9A+jkUZXXu9dGGj8ZoiZJnE0CuVOyte7BKq7QD1XdJ3U4ehnne6X7s7Yg==",
            "license": "EPL-1.0",
            "dependencies": {
                "@anthropic-ai/sdk": "^0.97.1",
                "typesbcp47": "1.24.0",
                "typesxml": "2.2.0"
            },
            "engines": {
                "node": ">=22"
            }
        },
        "node_modules/once": {
            "version": "1.4.0",
            "resolved": "https://registry.npmjs.org/once/-/once-1.4.0.tgz",
            "integrity": "sha512-lNaJgI+2Q5URQBkccEKHTQOPaXdUxnZZElQTZY0MFUAuaEqe1E+Nyvgdz/aIyNi6Z9MzO5dv1H8n58/GELp3+w==",
            "dev": true,
            "license": "ISC",
            "dependencies": {
                "wrappy": "1"
            }
        },
        "node_modules/pend": {
            "version": "1.2.0",
            "resolved": "https://registry.npmjs.org/pend/-/pend-1.2.0.tgz",
            "integrity": "sha512-F3asv42UuXchdzt+xXqfW1OGlVBe+mxa2mqI0pg5yAHZPvFmY3Y6drSf/GQ1A86WgWEN9Kzh/WrgKa6iGcHXLg==",
            "dev": true,
            "license": "MIT"
        },
        "node_modules/progress": {
            "version": "2.0.3",
            "resolved": "https://registry.npmjs.org/progress/-/progress-2.0.3.tgz",
            "integrity": "sha512-7PiHtLll5LdnKIMw100I+8xJXR5gW2QwWYkT6iJva0bXitZKa/XMrSbdmg3r2Xnaidz9Qumd0VPaMrZlF9V9sA==",
            "dev": true,
            "license": "MIT",
            "engines": {
                "node": ">=0.4.0"
            }
        },
        "node_modules/pump": {
            "version": "3.0.4",
            "resolved": "https://registry.npmjs.org/pump/-/pump-3.0.4.tgz",
            "integrity": "sha512-VS7sjc6KR7e1ukRFhQSY5LM2uBWAUPiOPa/A3mkKmiMwSmRFUITt0xuj+/lesgnCv+dPIEYlkzrcyXgquIHMcA==",
            "dev": true,
            "license": "MIT",
            "dependencies": {
                "end-of-stream": "^1.1.0",
                "once": "^1.3.1"
            }
        },
        "node_modules/sdltm": {
            "version": "2.5.0",
            "resolved": "https://registry.npmjs.org/sdltm/-/sdltm-2.5.0.tgz",
            "integrity": "sha512-SoilwIyRkJjbDsviOHnBm1xC3F9oFvjyjuT8enpoTNecDwlBNgYDmaM7ex1AhxxjW8r1Qvin0lAxCd7XJOu4kQ==",
            "license": "EPL-1.0",
            "dependencies": {
                "typesxml": "^2.2.0"
            }
        },
        "node_modules/semver": {
            "version": "7.8.3",
            "resolved": "https://registry.npmjs.org/semver/-/semver-7.8.3.tgz",
            "integrity": "sha512-wnilbGyMxzbY7dNOl7jpKbLSjcfeweJWU5j4+u5qW+6/wuGD9KzIGOyZnQVSBM9E7DtWaaH3CyHkppYrKYoxwg==",
            "dev": true,
            "license": "ISC",
            "bin": {
                "semver": "bin/semver.js"
            },
            "engines": {
                "node": ">=10"
            }
        },
        "node_modules/standardwebhooks": {
            "version": "1.0.0",
            "resolved": "https://registry.npmjs.org/standardwebhooks/-/standardwebhooks-1.0.0.tgz",
            "integrity": "sha512-BbHGOQK9olHPMvQNHWul6MYlrRTAOKn03rOe4A8O3CLWhNf4YHBqq2HJKKC+sfqpxiBY52pNeesD6jIiLDz8jg==",
            "license": "MIT",
            "dependencies": {
                "@stablelib/base64": "^1.0.0",
                "fast-sha256": "^1.3.0"
            }
        },
        "node_modules/sumchecker": {
            "version": "3.0.1",
            "resolved": "https://registry.npmjs.org/sumchecker/-/sumchecker-3.0.1.tgz",
            "integrity": "sha512-MvjXzkz/BOfyVDkG0oFOtBxHX2u3gKbMHIF/dXblZsgD3BWOFLmHovIpZY7BykJdAjcqRCBi1WYBNdEC9yI7vg==",
            "dev": true,
            "license": "Apache-2.0",
            "dependencies": {
                "debug": "^4.1.0"
            },
            "engines": {
                "node": ">= 8.0"
            }
        },
        "node_modules/ts-algebra": {
            "version": "2.0.0",
            "resolved": "https://registry.npmjs.org/ts-algebra/-/ts-algebra-2.0.0.tgz",
            "integrity": "sha512-FPAhNPFMrkwz76P7cdjdmiShwMynZYN6SgOujD1urY4oNm80Ou9oMdmbR45LotcKOXoy7wSmHkRFE6Mxbrhefw==",
            "license": "MIT"
        },
        "node_modules/typesbcp47": {
            "version": "1.24.0",
            "resolved": "https://registry.npmjs.org/typesbcp47/-/typesbcp47-1.24.0.tgz",
            "integrity": "sha512-1mIkqcG3plyxaFuMoZme6TnOrWNVOwDQ24traQ9PghN7bc+QtKYOExRxSrJlsTkTz6pdXaX0cZmSUuSvXp02Lg==",
            "license": "EPL-1.0",
            "dependencies": {
                "typesxml": "^2.2.0"
            }
        },
        "node_modules/typescript": {
            "version": "6.0.3",
            "resolved": "https://registry.npmjs.org/typescript/-/typescript-6.0.3.tgz",
            "integrity": "sha512-y2TvuxSZPDyQakkFRPZHKFm+KKVqIisdg9/CZwm9ftvKXLP8NRWj38/ODjNbr43SsoXqNuAisEf1GdCxqWcdBw==",
            "dev": true,
            "license": "Apache-2.0",
            "bin": {
                "tsc": "bin/tsc",
                "tsserver": "bin/tsserver"
            },
            "engines": {
                "node": ">=14.17"
            }
        },
        "node_modules/typesxml": {
            "version": "2.2.0",
            "resolved": "https://registry.npmjs.org/typesxml/-/typesxml-2.2.0.tgz",
            "integrity": "sha512-WF8o0qQ601XBkRmapbYO4Uz/24DPYJYemkke/7lljOpEhCfWocXRg1jY4z1EezdXbOfhS8ikl6fXN/zGVJk9og==",
            "license": "EPL-1.0"
        },
        "node_modules/undici": {
            "version": "7.28.0",
            "resolved": "https://registry.npmjs.org/undici/-/undici-7.28.0.tgz",
            "integrity": "sha512-cRZYrTDwWznlnRiPjggAGxZXanty6M8RV1ff8Wm4LWXBp7/IG8v5DnOm74DtUBp9OONpK75YlPnIjQqX0dBDtA==",
            "dev": true,
            "license": "MIT",
            "optional": true,
            "engines": {
                "node": ">=20.18.1"
            }
        },
        "node_modules/undici-types": {
            "version": "7.18.2",
            "resolved": "https://registry.npmjs.org/undici-types/-/undici-types-7.18.2.tgz",
            "integrity": "sha512-AsuCzffGHJybSaRrmr5eHr81mwJU3kjw6M+uprWvCXiNeN9SOGwQ3Jn8jb8m3Z6izVgknn1R0FTCEAP2QrLY/w==",
            "dev": true,
            "license": "MIT"
        },
        "node_modules/wrappy": {
            "version": "1.0.2",
            "resolved": "https://registry.npmjs.org/wrappy/-/wrappy-1.0.2.tgz",
            "integrity": "sha512-l4Sp/DRseor9wL6EvV2+TuQn63dMkPjZ/sp9XkghTEbV9KlPS1xUsZ3u7/IQO4wxtcFB4bgpQPRcR3QCvezPcQ==",
            "dev": true,
            "license": "ISC"
        },
        "node_modules/yauzl": {
            "version": "2.10.0",
            "resolved": "https://registry.npmjs.org/yauzl/-/yauzl-2.10.0.tgz",
            "integrity": "sha512-p4a9I6X6nu6IhoGmBqAcbJy1mlC4j27vEPZX9F4L4/vZT3Lyq1VkFHw/V/PUcB9Buo+DG3iHkT0x3Qya58zc3g==",
            "dev": true,
            "license": "MIT",
            "dependencies": {
                "buffer-crc32": "~0.2.3",
                "fd-slicer": "~1.1.0"
            }
        }
    }
}
